
Microsoft Visual Studio Solution File, Format Version 12.00
# Visual Studio Version 17
VisualStudioVersion = 17.13.35825.156
MinimumVisualStudioVersion = 10.0.40219.1
Project("{FAE04EC0-301F-11D3-BF4B-00C04F79EFBC}") = "osu!framework", "osu!framework\osu!framework.csproj", "{61AA9909-A6FB-4DC3-91BA-AC4B9556C8A5}"
EndProject
Project("{FAE04EC0-301F-11D3-BF4B-00C04F79EFBC}") = "osu!tp", "osu!tp\osu!tp.csproj", "{330376B4-571E-4A69-86F1-86EC6179CD58}"
EndProject
Global
	GlobalSection(SolutionConfigurationPlatforms) = preSolution
		Debug|Any CPU = Debug|Any CPU
		Release|Any CPU = Release|Any CPU
	EndGlobalSection
	GlobalSection(ProjectConfigurationPlatforms) = postSolution
		{61AA9909-A6FB-4DC3-91BA-AC4B9556C8A5}.Debug|Any CPU.ActiveCfg = Debug|Any CPU
		{61AA9909-A6FB-4DC3-91BA-AC4B9556C8A5}.Debug|Any CPU.Build.0 = Debug|Any CPU
		{61AA9909-A6FB-4DC3-91BA-AC4B9556C8A5}.Release|Any CPU.ActiveCfg = Release|Any CPU
		{61AA9909-A6FB-4DC3-91BA-AC4B9556C8A5}.Release|Any CPU.Build.0 = Release|Any CPU
		{330376B4-571E-4A69-86F1-86EC6179CD58}.Debug|Any CPU.ActiveCfg = Debug|Any CPU
		{330376B4-571E-4A69-86F1-86EC6179CD58}.Debug|Any CPU.Build.0 = Debug|Any CPU
		{330376B4-571E-4A69-86F1-86EC6179CD58}.Release|Any CPU.ActiveCfg = Release|Any CPU
		{330376B4-571E-4A69-86F1-86EC6179CD58}.Release|Any CPU.Build.0 = Release|Any CPU
	EndGlobalSection
	GlobalSection(SolutionProperties) = preSolution
		HideSolutionNode = FALSE
	EndGlobalSection
EndGlobal
